
Microsoft Visual Studio Solution File, Format Version 12.00
# Visual Studio Version 17
VisualStudioVersion = 17.5.33530.505
MinimumVisualStudioVersion = 10.0.40219.1
Project("{9A19103F-16F7-4668-BE54-9A1E7A4F7556}") = "OpenAC.Net.NFSe", "OpenAC.Net.NFSe\OpenAC.Net.NFSe.csproj", "{0EF298CA-A045-47E2-91AD-5C211E793C3B}"
EndProject
Project("{9A19103F-16F7-4668-BE54-9A1E7A4F7556}") = "OpenAC.Net.NFSe.Demo", "OpenAC.Net.NFSe.Demo\OpenAC.Net.NFSe.Demo.csproj", "{507A1588-D006-445C-B729-3F1D3A5CE803}"
EndProject
Project("{9A19103F-16F7-4668-BE54-9A1E7A4F7556}") = "OpenAC.Net.NFSe.DANFSe.FastReport.OpenSource", "OpenAC.Net.NFSe.DANFSe.FastReport.OpenSource\OpenAC.Net.NFSe.DANFSe.FastReport.OpenSource.csproj", "{F16DBEED-46EB-46B1-8264-711EDFADC099}"
EndProject
Project("{FAE04EC0-301F-11D3-BF4B-00C04F79EFBC}") = "OpenAC.Net.NFSe.Test", "OpenAC.Net.NFSe.Test\OpenAC.Net.NFSe.Test.csproj", "{D7756984-AAC2-499D-BD47-AC5559D9EFC8}"
EndProject
Project("{FAE04EC0-301F-11D3-BF4B-00C04F79EFBC}") = "OpenAC.Net.NFSe.DANFSe.QuestPdf", "OpenAC.Net.NFSe.DANFSe.QuestPdf\OpenAC.Net.NFSe.DANFSe.QuestPdf.csproj", "{C50F1C5C-180F-48DD-B7CF-050AFE4B002D}"
EndProject
Global
	GlobalSection(SolutionConfigurationPlatforms) = preSolution
		Debug|Any CPU = Debug|Any CPU
		Release|Any CPU = Release|Any CPU
	EndGlobalSection
	GlobalSection(ProjectConfigurationPlatforms) = postSolution
		{0EF298CA-A045-47E2-91AD-5C211E793C3B}.Debug|Any CPU.ActiveCfg = Debug|Any CPU
		{0EF298CA-A045-47E2-91AD-5C211E793C3B}.Debug|Any CPU.Build.0 = Debug|Any CPU
		{0EF298CA-A045-47E2-91AD-5C211E793C3B}.Release|Any CPU.ActiveCfg = Release|Any CPU
		{0EF298CA-A045-47E2-91AD-5C211E793C3B}.Release|Any CPU.Build.0 = Release|Any CPU
		{507A1588-D006-445C-B729-3F1D3A5CE803}.Debug|Any CPU.ActiveCfg = Debug|Any CPU
		{507A1588-D006-445C-B729-3F1D3A5CE803}.Debug|Any CPU.Build.0 = Debug|Any CPU
		{507A1588-D006-445C-B729-3F1D3A5CE803}.Release|Any CPU.ActiveCfg = Release|Any CPU
		{507A1588-D006-445C-B729-3F1D3A5CE803}.Release|Any CPU.Build.0 = Release|Any CPU
		{F16DBEED-46EB-46B1-8264-711EDFADC099}.Debug|Any CPU.ActiveCfg = Debug|Any CPU
		{F16DBEED-46EB-46B1-8264-711EDFADC099}.Debug|Any CPU.Build.0 = Debug|Any CPU
		{F16DBEED-46EB-46B1-8264-711EDFADC099}.Release|Any CPU.ActiveCfg = Release|Any CPU
		{F16DBEED-46EB-46B1-8264-711EDFADC099}.Release|Any CPU.Build.0 = Release|Any CPU
		{D7756984-AAC2-499D-BD47-AC5559D9EFC8}.Debug|Any CPU.ActiveCfg = Debug|Any CPU
		{D7756984-AAC2-499D-BD47-AC5559D9EFC8}.Debug|Any CPU.Build.0 = Debug|Any CPU
		{D7756984-AAC2-499D-BD47-AC5559D9EFC8}.Release|Any CPU.ActiveCfg = Release|Any CPU
		{D7756984-AAC2-499D-BD47-AC5559D9EFC8}.Release|Any CPU.Build.0 = Release|Any CPU
		{C50F1C5C-180F-48DD-B7CF-050AFE4B002D}.Debug|Any CPU.ActiveCfg = Debug|Any CPU
		{C50F1C5C-180F-48DD-B7CF-050AFE4B002D}.Debug|Any CPU.Build.0 = Debug|Any CPU
		{C50F1C5C-180F-48DD-B7CF-050AFE4B002D}.Release|Any CPU.ActiveCfg = Release|Any CPU
		{C50F1C5C-180F-48DD-B7CF-050AFE4B002D}.Release|Any CPU.Build.0 = Release|Any CPU
	EndGlobalSection
	GlobalSection(SolutionProperties) = preSolution
		HideSolutionNode = FALSE
	EndGlobalSection
	GlobalSection(ExtensibilityGlobals) = postSolution
		SolutionGuid = {599C9E21-8398-497F-9D1B-2FA3228EA632}
	EndGlobalSection
EndGlobal
